<Solution>
  <Folder Name="/Solution Items/">
    <File Path="samples/PHD2_GuideLog_001.md" />
    <File Path="samples/PHD2_GuideLog_001.txt" />
    <File Path="samples/PHD2_GuideLog_002.txt" />
    <File Path="samples/samples.md" />
  </Folder>
  <Folder Name="/src/">
    <Project Path="src/PHD2Insight.Analysis/PHD2Insight.Analysis.csproj" />
    <Project Path="src/PHD2Insight.Common/PHD2Insight.Common.csproj" />
    <Project Path="src/PHD2Insight.Core/PHD2Insight.Core.csproj" />
    <Project Path="src/PHD2Insight.Parser/PHD2Insight.Parser.csproj" />
    <Project Path="src/PHD2Insight.UI/PHD2Insight.UI.csproj" />
  </Folder>
  <Folder Name="/tests/">
    <Project Path="src/PHD2Insight.Analysis.Tests/PHD2Insight.Analysis.Tests.csproj" />
    <Project Path="tests/PHD2Insight.Parser.Tests/PHD2Insight.Parser.Tests.csproj" />
  </Folder>
</Solution>
